# This file is autogenerated, do not edit; changes may be undone by the next 'dep ensure'.


[[projects]]
  name = "github.com/davecgh/go-spew"
  packages = ["spew"]
  revision = "346938d642f2ec3594ed81d874461961cd0faa76"
  version = "v1.1.0"

[[projects]]
  name = "github.com/daviddengcn/go-colortext"
  packages = ["."]
  revision = "17e75f6184bc9e727756cd0d82e0af58b1fc7191"
  version = "1.0.0"

[[projects]]
  branch = "master"
  name = "github.com/mitchellh/go-homedir"
  packages = ["."]
  revision = "b8bc1bf767474819792c23f32d8286a45736f1c6"

[[projects]]
  branch = "master"
  name = "github.com/motemen/go-colorine"
  packages = ["."]
  revision = "49ff36b8fa42db28092361cd20dcefd0b03b1472"

[[projects]]
  branch = "master"
  name = "github.com/motemen/go-loghttp"
  packages = [
    ".",
    "global"
  ]
  revision = "974ac5ceac271576caabe1c0bddf2b7eed471f67"

[[projects]]
  branch = "master"
  name = "github.com/motemen/go-nuts"
  packages = ["roundtime"]
  revision = "42c35bdb11c20ff50bb14ef05750e8dcdfc75ea5"

[[projects]]
  branch = "master"
  name = "github.com/motemen/go-wsse"
  packages = ["."]
  revision = "13a083a10e321fd56eeb80a9f89d33caf1a6b72a"

[[projects]]
  name = "github.com/pmezard/go-difflib"
  packages = ["difflib"]
  revision = "792786c7400a136282c1664665ae0a8db921c6c2"
  version = "v1.0.0"

[[projects]]
  name = "github.com/stretchr/testify"
  packages = ["assert"]
  revision = "12b6f73e6084dad08a7c6e575284b177ecafbc71"
  version = "v1.2.1"

[[projects]]
  name = "github.com/urfave/cli"
  packages = ["."]
  revision = "cfb38830724cc34fedffe9a2a29fb54fa9169cd1"
  version = "v1.20.0"

[[projects]]
  name = "gopkg.in/yaml.v2"
  packages = ["."]
  revision = "5420a8b6744d3b0345ab293f6fcba19c978f1183"
  version = "v2.2.1"

[solve-meta]
  analyzer-name = "dep"
  analyzer-version = 1
  inputs-digest = "46facccf28242004370de27684b2cb465662756fa6ca289701e5fc57eb7c1663"
  solver-name = "gps-cdcl"
  solver-version = 1
